{
    "_readme": [
        "This file locks the dependencies of your project to a known state",
        "Read more about it at http://getcomposer.org/doc/01-basic-usage.md#composer-lock-the-lock-file",
        "This file is @generated automatically"
    ],
    "hash": "cf3eab1ee4dd69c08fded2142fe57894",
    "packages": [
        {
            "name": "ekowabaka/clearice",
            "version": "0.3.0-alpha",
            "source": {
                "type": "git",
                "url": "https://github.com/ekowabaka/clearice.git",
                "reference": "57f5817a14784df59203beaf1b026ef2fd847ac7"
            },
            "dist": {
                "type": "zip",
                "url": "https://api.github.com/repos/ekowabaka/clearice/zipball/57f5817a14784df59203beaf1b026ef2fd847ac7",
                "reference": "57f5817a14784df59203beaf1b026ef2fd847ac7",
                "shasum": ""
            },
            "require": {
                "php": ">=5.3.0"
            },
            "type": "library",
            "autoload": {
                "files": [
                    "ClearIce.php"
                ]
            },
            "notification-url": "https://packagist.org/downloads/",
            "license": [
                "MIT"
            ],
            "authors": [
                {
                    "name": "James Ekow Abaka Ainooson",
                    "email": "jainooson@gmail.com",
                    "homepage": "http://ekowabaka.me"
                }
            ],
            "description": "A tool for parsing command line arguments",
            "time": "2014-08-04 13:05:02"
        }
    ],
    "packages-dev": [

    ],
    "aliases": [

    ],
    "minimum-stability": "alpha",
    "stability-flags": {
        "ekowabaka/clearice": 15
    },
    "platform": [

    ],
    "platform-dev": [

    ]
}
