{
    "_readme": [
        "This file locks the dependencies of your project to a known state",
        "Read more about it at http://getcomposer.org/doc/01-basic-usage.md#composer-lock-the-lock-file",
        "This file is @generated automatically"
    ],
    "hash": "cccd050dbc5a0c315b3563d4a988dbde",
    "packages": [
        {
            "name": "ekowabaka/clearice",
            "version": "v0.3.2",
            "source": {
                "type": "git",
                "url": "https://github.com/ekowabaka/clearice.git",
                "reference": "9d1c4c51b2ec2bde686c6342159acd95e58dcceb"
            },
            "dist": {
                "type": "zip",
                "url": "https://api.github.com/repos/ekowabaka/clearice/zipball/9d1c4c51b2ec2bde686c6342159acd95e58dcceb",
                "reference": "9d1c4c51b2ec2bde686c6342159acd95e58dcceb",
                "shasum": ""
            },
            "require": {
                "php": ">=5.3.0"
            },
            "require-dev": {
                "mikey179/vfsstream": "v1.3.0"
            },
            "type": "library",
            "autoload": {
                "psr-4": {
                    "clearice\\": "src/"
                }
            },
            "notification-url": "https://packagist.org/downloads/",
            "license": [
                "MIT"
            ],
            "authors": [
                {
                    "name": "James Ekow Abaka Ainooson",
                    "email": "jainooson@gmail.com",
                    "homepage": "http://ekowabaka.me"
                }
            ],
            "description": "A tool to help in the building of CLI apps. Provides command line parsing and simple console I/O interfaces.",
            "time": "2014-10-22 09:55:49"
        },
        {
            "name": "ntentan/atiaa",
            "version": "dev-master",
            "source": {
                "type": "git",
                "url": "https://github.com/ntentan/atiaa.git",
                "reference": "a27abc23d7251a01918ef4721863308bbf1b346f"
            },
            "dist": {
                "type": "zip",
                "url": "https://api.github.com/repos/ntentan/atiaa/zipball/a27abc23d7251a01918ef4721863308bbf1b346f",
                "reference": "a27abc23d7251a01918ef4721863308bbf1b346f",
                "shasum": ""
            },
            "require": {
                "php": ">=5.4.0"
            },
            "type": "library",
            "autoload": {
                "psr-4": {
                    "ntentan\\atiaa\\": "src/"
                }
            },
            "notification-url": "https://packagist.org/downloads/",
            "license": [
                "MIT"
            ],
            "authors": [
                {
                    "name": "James Ekow Abaka Ainooson",
                    "email": "jainooson@gmail.com"
                }
            ],
            "description": "A slim wrapper around PDO to provide some extra utilities",
            "time": "2014-11-27 10:35:24"
        }
    ],
    "packages-dev": [
        {
            "name": "mikey179/vfsStream",
            "version": "v1.3.0",
            "source": {
                "type": "git",
                "url": "https://github.com/mikey179/vfsStream.git",
                "reference": "8571f349567e02af1b7efc0fc4e3a4a1c98e664e"
            },
            "dist": {
                "type": "zip",
                "url": "https://api.github.com/repos/mikey179/vfsStream/zipball/8571f349567e02af1b7efc0fc4e3a4a1c98e664e",
                "reference": "8571f349567e02af1b7efc0fc4e3a4a1c98e664e",
                "shasum": ""
            },
            "require": {
                "php": ">=5.3.0"
            },
            "require-dev": {
                "phpunit/phpunit": "~4.1"
            },
            "type": "library",
            "extra": {
                "branch-alias": {
                    "dev-master": "1.3.x-dev"
                }
            },
            "autoload": {
                "psr-0": {
                    "org\\bovigo\\vfs\\": "src/main/php"
                }
            },
            "notification-url": "https://packagist.org/downloads/",
            "license": [
                "BSD"
            ],
            "homepage": "http://vfs.bovigo.org/",
            "time": "2014-07-21 20:15:54"
        }
    ],
    "aliases": [],
    "minimum-stability": "alpha",
    "stability-flags": {
        "ntentan/atiaa": 20
    },
    "prefer-stable": false,
    "platform": {
        "php": ">=5.4.0"
    },
    "platform-dev": []
}
